
Microsoft Visual Studio Solution File, Format Version 12.00
# Visual Studio 15
VisualStudioVersion = 15.0.28307.106
MinimumVisualStudioVersion = 10.0.40219.1
Project("{9A19103F-16F7-4668-BE54-9A1E7A4F7556}") = "StockManagementSystem", "StockManagementSystem\StockManagementSystem.csproj", "{C68E88D5-748B-46BE-8070-2067B3DA552E}"
EndProject
Global
	GlobalSection(SolutionConfigurationPlatforms) = preSolution
		Debug|Any CPU = Debug|Any CPU
		Release|Any CPU = Release|Any CPU
	EndGlobalSection
	GlobalSection(ProjectConfigurationPlatforms) = postSolution
		{C68E88D5-748B-46BE-8070-2067B3DA552E}.Debug|Any CPU.ActiveCfg = Debug|Any CPU
		{C68E88D5-748B-46BE-8070-2067B3DA552E}.Debug|Any CPU.Build.0 = Debug|Any CPU
		{C68E88D5-748B-46BE-8070-2067B3DA552E}.Release|Any CPU.ActiveCfg = Release|Any CPU
		{C68E88D5-748B-46BE-8070-2067B3DA552E}.Release|Any CPU.Build.0 = Release|Any CPU
	EndGlobalSection
	GlobalSection(SolutionProperties) = preSolution
		HideSolutionNode = FALSE
	EndGlobalSection
	GlobalSection(ExtensibilityGlobals) = postSolution
		SolutionGuid = {528F2776-2C12-4E9E-8A40-71773636998F}
	EndGlobalSection
EndGlobal
